PODS:
  - Alamofire (4.9.1)
  - FloatingPanel (2.5.3)
  - Kingfisher (7.3.0)
  - PromiseKit (6.17.1):
    - PromiseKit/CorePromise (= 6.17.1)
    - PromiseKit/Foundation (= 6.17.1)
    - PromiseKit/UIKit (= 6.17.1)
  - PromiseKit/Alamofire (6.17.1):
    - Alamofire (~> 4.0)
    - PromiseKit/CorePromise
  - PromiseKit/CorePromise (6.17.1)
  - PromiseKit/Foundation (6.17.1):
    - PromiseKit/CorePromise
  - PromiseKit/UIKit (6.17.1):
    - PromiseKit/CorePromise
  - SnapKit (5.0.1)

DEPENDENCIES:
  - FloatingPanel
  - Kingfisher (~> 7.0)
  - PromiseKit (~> 6.8)
  - PromiseKit/Alamofire (~> 6.0)
  - SnapKit (~> 5.0.0)

SPEC REPOS:
  trunk:
    - Alamofire
    - FloatingPanel
    - Kingfisher
    - PromiseKit
    - SnapKit

SPEC CHECKSUMS:
  Alamofire: 85e8a02c69d6020a0d734f6054870d7ecb75cf18
  FloatingPanel: 3cee815e9ded75b632543fa73ab655a1ef941452
  Kingfisher: cdb1189a9223b1bc028816bd47c8b8101a58831c
  PromiseKit: ee485df3d4dc570594d7e7aecae6352697dc6a4c
  SnapKit: 97b92857e3df3a0c71833cce143274bf6ef8e5eb

PODFILE CHECKSUM: 953d68b2d589a9e7816876e60f7f177a38c9de9d

COCOAPODS: 1.10.2
