// !$*UTF8*$!
{
	archiveVersion = 1;
	classes = {
	};
	objectVersion = 55;
	objects = {

/* Begin PBXBuildFile section */
		007239A128844AB900BFEC1F /* AppDelegate.swift in Sources */ = {isa = PBXBuildFile; fileRef = 007239A028844AB900BFEC1F /* AppDelegate.swift */; };
		007239A328844AB900BFEC1F /* SceneDelegate.swift in Sources */ = {isa = PBXBuildFile; fileRef = 007239A228844AB900BFEC1F /* SceneDelegate.swift */; };
		007239A528844AB900BFEC1F /* LoginVC.swift in Sources */ = {isa = PBXBuildFile; fileRef = 007239A428844AB900BFEC1F /* LoginVC.swift */; };
		007239AA28844ABA00BFEC1F /* Assets.xcassets in Resources */ = {isa = PBXBuildFile; fileRef = 007239A928844ABA00BFEC1F /* Assets.xcassets */; };
		007239AD28844ABA00BFEC1F /* LaunchScreen.storyboard in Resources */ = {isa = PBXBuildFile; fileRef = 007239AB28844ABA00BFEC1F /* LaunchScreen.storyboard */; };
		007239B828844ABA00BFEC1F /* ScootTests.swift in Sources */ = {isa = PBXBuildFile; fileRef = 007239B728844ABA00BFEC1F /* ScootTests.swift */; };
		007239C228844ABA00BFEC1F /* ScootUITests.swift in Sources */ = {isa = PBXBuildFile; fileRef = 007239C128844ABA00BFEC1F /* ScootUITests.swift */; };
		007239C428844ABA00BFEC1F /* ScootUITestsLaunchTests.swift in Sources */ = {isa = PBXBuildFile; fileRef = 007239C328844ABA00BFEC1F /* ScootUITestsLaunchTests.swift */; };
		31EB1A7D4D6A942146348C15 /* Pods_Scoot.framework in Frameworks */ = {isa = PBXBuildFile; fileRef = BC6AA7F9B8D8DB4F174E8B8B /* Pods_Scoot.framework */; };
		42A046F1D540EFBED5CC490C /* Pods_Scoot_ScootUITests.framework in Frameworks */ = {isa = PBXBuildFile; fileRef = 33CB53782B17353612723F4B /* Pods_Scoot_ScootUITests.framework */; };
		9018BC812886EF57008DFDDA /* K.swift in Sources */ = {isa = PBXBuildFile; fileRef = 9018BC802886EF57008DFDDA /* K.swift */; };
		906191BD2887EE9D005EEF2A /* ScootTextField.swift in Sources */ = {isa = PBXBuildFile; fileRef = 906191BC2887EE9D005EEF2A /* ScootTextField.swift */; };
		906191BF2887F241005EEF2A /* ScootButton.swift in Sources */ = {isa = PBXBuildFile; fileRef = 906191BE2887F241005EEF2A /* ScootButton.swift */; };
		906191C12887FB4C005EEF2A /* VehicleListVC.swift in Sources */ = {isa = PBXBuildFile; fileRef = 906191C02887FB4C005EEF2A /* VehicleListVC.swift */; };
		906191C3288803E4005EEF2A /* Main.storyboard in Resources */ = {isa = PBXBuildFile; fileRef = 906191C2288803E4005EEF2A /* Main.storyboard */; };
		906191C728881D9E005EEF2A /* VehicleCell.swift in Sources */ = {isa = PBXBuildFile; fileRef = 906191C528881D9E005EEF2A /* VehicleCell.swift */; };
		906191CC288823B7005EEF2A /* MockData.swift in Sources */ = {isa = PBXBuildFile; fileRef = 906191CB288823B7005EEF2A /* MockData.swift */; };
		90666F8A28897B62007275E5 /* VehicleDetailVC.swift in Sources */ = {isa = PBXBuildFile; fileRef = 90666F8928897B62007275E5 /* VehicleDetailVC.swift */; };
		908FEA9E288ABAEE007667BD /* UserDefaults + Extensions.swift in Sources */ = {isa = PBXBuildFile; fileRef = 908FEA9D288ABAEE007667BD /* UserDefaults + Extensions.swift */; };
		908FEAA0288ABDA3007667BD /* AuthService.swift in Sources */ = {isa = PBXBuildFile; fileRef = 908FEA9F288ABDA2007667BD /* AuthService.swift */; };
		90995576288A233000F00AAF /* ScanVC.swift in Sources */ = {isa = PBXBuildFile; fileRef = 90995575288A233000F00AAF /* ScanVC.swift */; };
		90A999EF28874693004AC862 /* AppUtility.swift in Sources */ = {isa = PBXBuildFile; fileRef = 90A999EE28874693004AC862 /* AppUtility.swift */; };
		90CBA32A2886E3E50043ADEA /* UIColor + Extenstions.swift in Sources */ = {isa = PBXBuildFile; fileRef = 90CBA3292886E3E50043ADEA /* UIColor + Extenstions.swift */; };
		90E959C32888AE37001C3F54 /* LocationCell.swift in Sources */ = {isa = PBXBuildFile; fileRef = 90E959C12888AE37001C3F54 /* LocationCell.swift */; };
		90E959C42888AE37001C3F54 /* LocationCell.xib in Resources */ = {isa = PBXBuildFile; fileRef = 90E959C22888AE37001C3F54 /* LocationCell.xib */; };
		90E99EB728894C04007F955E /* VehicleCell.xib in Resources */ = {isa = PBXBuildFile; fileRef = 906191C628881D9E005EEF2A /* VehicleCell.xib */; };
		90F5D2A92889F58800FB8AD3 /* CGRect + Extensions.swift in Sources */ = {isa = PBXBuildFile; fileRef = 90F5D2A82889F58800FB8AD3 /* CGRect + Extensions.swift */; };
		90FF8BBE2887341700724D32 /* UITextField + Extenstions.swift in Sources */ = {isa = PBXBuildFile; fileRef = 90FF8BBD2887341700724D32 /* UITextField + Extenstions.swift */; };
		90FF8BC0288735D300724D32 /* UIViewController + Extensions.swift in Sources */ = {isa = PBXBuildFile; fileRef = 90FF8BBF288735D300724D32 /* UIViewController + Extensions.swift */; };
		93FF80916A546BCFF7A3E0CB /* Pods_ScootTests.framework in Frameworks */ = {isa = PBXBuildFile; fileRef = 953EBBEEAC98160D2235ED91 /* Pods_ScootTests.framework */; };
/* End PBXBuildFile section */

/* Begin PBXContainerItemProxy section */
		007239B428844ABA00BFEC1F /* PBXContainerItemProxy */ = {
			isa = PBXContainerItemProxy;
			containerPortal = 0072399528844AB900BFEC1F /* Project object */;
			proxyType = 1;
			remoteGlobalIDString = 0072399C28844AB900BFEC1F;
			remoteInfo = Scoot;
		};
		007239BE28844ABA00BFEC1F /* PBXContainerItemProxy */ = {
			isa = PBXContainerItemProxy;
			containerPortal = 0072399528844AB900BFEC1F /* Project object */;
			proxyType = 1;
			remoteGlobalIDString = 0072399C28844AB900BFEC1F;
			remoteInfo = Scoot;
		};
/* End PBXContainerItemProxy section */

/* Begin PBXFileReference section */
		0072399D28844AB900BFEC1F /* Scoot.app */ = {isa = PBXFileReference; explicitFileType = wrapper.application; includeInIndex = 0; path = Scoot.app; sourceTree = BUILT_PRODUCTS_DIR; };
		007239A028844AB900BFEC1F /* AppDelegate.swift */ = {isa = PBXFileReference; lastKnownFileType = sourcecode.swift; path = AppDelegate.swift; sourceTree = "<group>"; };
		007239A228844AB900BFEC1F /* SceneDelegate.swift */ = {isa = PBXFileReference; lastKnownFileType = sourcecode.swift; path = SceneDelegate.swift; sourceTree = "<group>"; };
		007239A428844AB900BFEC1F /* LoginVC.swift */ = {isa = PBXFileReference; lastKnownFileType = sourcecode.swift; path = LoginVC.swift; sourceTree = "<group>"; };
		007239A928844ABA00BFEC1F /* Assets.xcassets */ = {isa = PBXFileReference; lastKnownFileType = folder.assetcatalog; path = Assets.xcassets; sourceTree = "<group>"; };
		007239AC28844ABA00BFEC1F /* Base */ = {isa = PBXFileReference; lastKnownFileType = file.storyboard; name = Base; path = Base.lproj/LaunchScreen.storyboard; sourceTree = "<group>"; };
		007239AE28844ABA00BFEC1F /* Info.plist */ = {isa = PBXFileReference; lastKnownFileType = text.plist.xml; path = Info.plist; sourceTree = "<group>"; };
		007239B328844ABA00BFEC1F /* ScootTests.xctest */ = {isa = PBXFileReference; explicitFileType = wrapper.cfbundle; includeInIndex = 0; path = ScootTests.xctest; sourceTree = BUILT_PRODUCTS_DIR; };
		007239B728844ABA00BFEC1F /* ScootTests.swift */ = {isa = PBXFileReference; lastKnownFileType = sourcecode.swift; path = ScootTests.swift; sourceTree = "<group>"; };
		007239BD28844ABA00BFEC1F /* ScootUITests.xctest */ = {isa = PBXFileReference; explicitFileType = wrapper.cfbundle; includeInIndex = 0; path = ScootUITests.xctest; sourceTree = BUILT_PRODUCTS_DIR; };
		007239C128844ABA00BFEC1F /* ScootUITests.swift */ = {isa = PBXFileReference; lastKnownFileType = sourcecode.swift; path = ScootUITests.swift; sourceTree = "<group>"; };
		007239C328844ABA00BFEC1F /* ScootUITestsLaunchTests.swift */ = {isa = PBXFileReference; lastKnownFileType = sourcecode.swift; path = ScootUITestsLaunchTests.swift; sourceTree = "<group>"; };
		0730811024362EBF08C1CF3F /* Pods-Scoot-ScootUITests.debug.xcconfig */ = {isa = PBXFileReference; includeInIndex = 1; lastKnownFileType = text.xcconfig; name = "Pods-Scoot-ScootUITests.debug.xcconfig"; path = "Target Support Files/Pods-Scoot-ScootUITests/Pods-Scoot-ScootUITests.debug.xcconfig"; sourceTree = "<group>"; };
		33CB53782B17353612723F4B /* Pods_Scoot_ScootUITests.framework */ = {isa = PBXFileReference; explicitFileType = wrapper.framework; includeInIndex = 0; path = Pods_Scoot_ScootUITests.framework; sourceTree = BUILT_PRODUCTS_DIR; };
		3FF57509F520357B2C08427A /* Pods-ScootTests.release.xcconfig */ = {isa = PBXFileReference; includeInIndex = 1; lastKnownFileType = text.xcconfig; name = "Pods-ScootTests.release.xcconfig"; path = "Target Support Files/Pods-ScootTests/Pods-ScootTests.release.xcconfig"; sourceTree = "<group>"; };
		450BE8F5DED30B1E1E074D69 /* Pods-Scoot.release.xcconfig */ = {isa = PBXFileReference; includeInIndex = 1; lastKnownFileType = text.xcconfig; name = "Pods-Scoot.release.xcconfig"; path = "Target Support Files/Pods-Scoot/Pods-Scoot.release.xcconfig"; sourceTree = "<group>"; };
		8F43A59A856BBFF5B54ACE2B /* Pods-Scoot.debug.xcconfig */ = {isa = PBXFileReference; includeInIndex = 1; lastKnownFileType = text.xcconfig; name = "Pods-Scoot.debug.xcconfig"; path = "Target Support Files/Pods-Scoot/Pods-Scoot.debug.xcconfig"; sourceTree = "<group>"; };
		9018BC802886EF57008DFDDA /* K.swift */ = {isa = PBXFileReference; lastKnownFileType = sourcecode.swift; path = K.swift; sourceTree = "<group>"; };
		906191BC2887EE9D005EEF2A /* ScootTextField.swift */ = {isa = PBXFileReference; lastKnownFileType = sourcecode.swift; path = ScootTextField.swift; sourceTree = "<group>"; };
		906191BE2887F241005EEF2A /* ScootButton.swift */ = {isa = PBXFileReference; lastKnownFileType = sourcecode.swift; path = ScootButton.swift; sourceTree = "<group>"; };
		906191C02887FB4C005EEF2A /* VehicleListVC.swift */ = {isa = PBXFileReference; lastKnownFileType = sourcecode.swift; path = VehicleListVC.swift; sourceTree = "<group>"; };
		906191C2288803E4005EEF2A /* Main.storyboard */ = {isa = PBXFileReference; lastKnownFileType = file.storyboard; path = Main.storyboard; sourceTree = "<group>"; };
		906191C528881D9E005EEF2A /* VehicleCell.swift */ = {isa = PBXFileReference; lastKnownFileType = sourcecode.swift; path = VehicleCell.swift; sourceTree = "<group>"; };
		906191C628881D9E005EEF2A /* VehicleCell.xib */ = {isa = PBXFileReference; lastKnownFileType = file.xib; path = VehicleCell.xib; sourceTree = "<group>"; };
		906191CB288823B7005EEF2A /* MockData.swift */ = {isa = PBXFileReference; lastKnownFileType = sourcecode.swift; path = MockData.swift; sourceTree = "<group>"; };
		90666F8928897B62007275E5 /* VehicleDetailVC.swift */ = {isa = PBXFileReference; lastKnownFileType = sourcecode.swift; path = VehicleDetailVC.swift; sourceTree = "<group>"; };
		908FEA9D288ABAEE007667BD /* UserDefaults + Extensions.swift */ = {isa = PBXFileReference; lastKnownFileType = sourcecode.swift; path = "UserDefaults + Extensions.swift"; sourceTree = "<group>"; };
		908FEA9F288ABDA2007667BD /* AuthService.swift */ = {isa = PBXFileReference; lastKnownFileType = sourcecode.swift; path = AuthService.swift; sourceTree = "<group>"; };
		90995575288A233000F00AAF /* ScanVC.swift */ = {isa = PBXFileReference; lastKnownFileType = sourcecode.swift; path = ScanVC.swift; sourceTree = "<group>"; };
		90A999EE28874693004AC862 /* AppUtility.swift */ = {isa = PBXFileReference; lastKnownFileType = sourcecode.swift; path = AppUtility.swift; sourceTree = "<group>"; };
		90CBA3292886E3E50043ADEA /* UIColor + Extenstions.swift */ = {isa = PBXFileReference; lastKnownFileType = sourcecode.swift; path = "UIColor + Extenstions.swift"; sourceTree = "<group>"; };
		90E959C12888AE37001C3F54 /* LocationCell.swift */ = {isa = PBXFileReference; lastKnownFileType = sourcecode.swift; path = LocationCell.swift; sourceTree = "<group>"; };
		90E959C22888AE37001C3F54 /* LocationCell.xib */ = {isa = PBXFileReference; lastKnownFileType = file.xib; path = LocationCell.xib; sourceTree = "<group>"; };
		90F5D2A82889F58800FB8AD3 /* CGRect + Extensions.swift */ = {isa = PBXFileReference; lastKnownFileType = sourcecode.swift; path = "CGRect + Extensions.swift"; sourceTree = "<group>"; };
		90FF8BBD2887341700724D32 /* UITextField + Extenstions.swift */ = {isa = PBXFileReference; lastKnownFileType = sourcecode.swift; path = "UITextField + Extenstions.swift"; sourceTree = "<group>"; };
		90FF8BBF288735D300724D32 /* UIViewController + Extensions.swift */ = {isa = PBXFileReference; lastKnownFileType = sourcecode.swift; path = "UIViewController + Extensions.swift"; sourceTree = "<group>"; };
		953EBBEEAC98160D2235ED91 /* Pods_ScootTests.framework */ = {isa = PBXFileReference; explicitFileType = wrapper.framework; includeInIndex = 0; path = Pods_ScootTests.framework; sourceTree = BUILT_PRODUCTS_DIR; };
		96A96C839E1E2D64CAE678A5 /* Pods-Scoot-ScootUITests.release.xcconfig */ = {isa = PBXFileReference; includeInIndex = 1; lastKnownFileType = text.xcconfig; name = "Pods-Scoot-ScootUITests.release.xcconfig"; path = "Target Support Files/Pods-Scoot-ScootUITests/Pods-Scoot-ScootUITests.release.xcconfig"; sourceTree = "<group>"; };
		BC6AA7F9B8D8DB4F174E8B8B /* Pods_Scoot.framework */ = {isa = PBXFileReference; explicitFileType = wrapper.framework; includeInIndex = 0; path = Pods_Scoot.framework; sourceTree = BUILT_PRODUCTS_DIR; };
		BE7D7B00D0049F4266396B54 /* Pods-ScootTests.debug.xcconfig */ = {isa = PBXFileReference; includeInIndex = 1; lastKnownFileType = text.xcconfig; name = "Pods-ScootTests.debug.xcconfig"; path = "Target Support Files/Pods-ScootTests/Pods-ScootTests.debug.xcconfig"; sourceTree = "<group>"; };
/* End PBXFileReference section */

/* Begin PBXFrameworksBuildPhase section */
		0072399A28844AB900BFEC1F /* Frameworks */ = {
			isa = PBXFrameworksBuildPhase;
			buildActionMask = 2147483647;
			files = (
				31EB1A7D4D6A942146348C15 /* Pods_Scoot.framework in Frameworks */,
			);
			runOnlyForDeploymentPostprocessing = 0;
		};
		007239B028844ABA00BFEC1F /* Frameworks */ = {
			isa = PBXFrameworksBuildPhase;
			buildActionMask = 2147483647;
			files = (
				93FF80916A546BCFF7A3E0CB /* Pods_ScootTests.framework in Frameworks */,
			);
			runOnlyForDeploymentPostprocessing = 0;
		};
		007239BA28844ABA00BFEC1F /* Frameworks */ = {
			isa = PBXFrameworksBuildPhase;
			buildActionMask = 2147483647;
			files = (
				42A046F1D540EFBED5CC490C /* Pods_Scoot_ScootUITests.framework in Frameworks */,
			);
			runOnlyForDeploymentPostprocessing = 0;
		};
/* End PBXFrameworksBuildPhase section */

/* Begin PBXGroup section */
		0072399428844AB900BFEC1F = {
			isa = PBXGroup;
			children = (
				0072399F28844AB900BFEC1F /* Scoot */,
				007239B628844ABA00BFEC1F /* ScootTests */,
				007239C028844ABA00BFEC1F /* ScootUITests */,
				0072399E28844AB900BFEC1F /* Products */,
				D25425D1219077C7D95A0479 /* Pods */,
				3E796834AC2E41FCA616F2A0 /* Frameworks */,
			);
			sourceTree = "<group>";
		};
		0072399E28844AB900BFEC1F /* Products */ = {
			isa = PBXGroup;
			children = (
				0072399D28844AB900BFEC1F /* Scoot.app */,
				007239B328844ABA00BFEC1F /* ScootTests.xctest */,
				007239BD28844ABA00BFEC1F /* ScootUITests.xctest */,
			);
			name = Products;
			sourceTree = "<group>";
		};
		0072399F28844AB900BFEC1F /* Scoot */ = {
			isa = PBXGroup;
			children = (
				906191CA288823A8005EEF2A /* Services */,
				90A999ED2887467F004AC862 /* Helpers */,
				9018BC822886EF7F008DFDDA /* Resources */,
				90CBA32C2886E4670043ADEA /* Scenes */,
				906191C92888238E005EEF2A /* Components */,
				90CBA32B2886E41F0043ADEA /* Extensions */,
				007239A928844ABA00BFEC1F /* Assets.xcassets */,
				007239AB28844ABA00BFEC1F /* LaunchScreen.storyboard */,
				906191C2288803E4005EEF2A /* Main.storyboard */,
				90E99EB628894B10007F955E /* initialization */,
				007239AE28844ABA00BFEC1F /* Info.plist */,
			);
			path = Scoot;
			sourceTree = "<group>";
		};
		007239B628844ABA00BFEC1F /* ScootTests */ = {
			isa = PBXGroup;
			children = (
				007239B728844ABA00BFEC1F /* ScootTests.swift */,
			);
			path = ScootTests;
			sourceTree = "<group>";
		};
		007239C028844ABA00BFEC1F /* ScootUITests */ = {
			isa = PBXGroup;
			children = (
				007239C128844ABA00BFEC1F /* ScootUITests.swift */,
				007239C328844ABA00BFEC1F /* ScootUITestsLaunchTests.swift */,
			);
			path = ScootUITests;
			sourceTree = "<group>";
		};
		3E796834AC2E41FCA616F2A0 /* Frameworks */ = {
			isa = PBXGroup;
			children = (
				BC6AA7F9B8D8DB4F174E8B8B /* Pods_Scoot.framework */,
				33CB53782B17353612723F4B /* Pods_Scoot_ScootUITests.framework */,
				953EBBEEAC98160D2235ED91 /* Pods_ScootTests.framework */,
			);
			name = Frameworks;
			sourceTree = "<group>";
		};
		9018BC822886EF7F008DFDDA /* Resources */ = {
			isa = PBXGroup;
			children = (
				9018BC802886EF57008DFDDA /* K.swift */,
			);
			path = Resources;
			sourceTree = "<group>";
		};
		906191C428881D76005EEF2A /* Cells */ = {
			isa = PBXGroup;
			children = (
				90E959C52888AE41001C3F54 /* VehicleCell */,
				90E959C62888AE4A001C3F54 /* LocationCell */,
			);
			path = Cells;
			sourceTree = "<group>";
		};
		906191C92888238E005EEF2A /* Components */ = {
			isa = PBXGroup;
			children = (
				90FF8BC128873C7D00724D32 /* CustomViews */,
			);
			path = Components;
			sourceTree = "<group>";
		};
		906191CA288823A8005EEF2A /* Services */ = {
			isa = PBXGroup;
			children = (
				906191CB288823B7005EEF2A /* MockData.swift */,
				908FEA9F288ABDA2007667BD /* AuthService.swift */,
			);
			path = Services;
			sourceTree = "<group>";
		};
		90A999ED2887467F004AC862 /* Helpers */ = {
			isa = PBXGroup;
			children = (
				90A999EE28874693004AC862 /* AppUtility.swift */,
			);
			path = Helpers;
			sourceTree = "<group>";
		};
		90CBA32B2886E41F0043ADEA /* Extensions */ = {
			isa = PBXGroup;
			children = (
				90CBA3292886E3E50043ADEA /* UIColor + Extenstions.swift */,
				908FEA9D288ABAEE007667BD /* UserDefaults + Extensions.swift */,
				90FF8BBD2887341700724D32 /* UITextField + Extenstions.swift */,
				90FF8BBF288735D300724D32 /* UIViewController + Extensions.swift */,
				90F5D2A82889F58800FB8AD3 /* CGRect + Extensions.swift */,
			);
			path = Extensions;
			sourceTree = "<group>";
		};
		90CBA32C2886E4670043ADEA /* Scenes */ = {
			isa = PBXGroup;
			children = (
				007239A428844AB900BFEC1F /* LoginVC.swift */,
				906191C02887FB4C005EEF2A /* VehicleListVC.swift */,
				90666F8928897B62007275E5 /* VehicleDetailVC.swift */,
				90995575288A233000F00AAF /* ScanVC.swift */,
				906191C428881D76005EEF2A /* Cells */,
			);
			path = Scenes;
			sourceTree = "<group>";
		};
		90E959C52888AE41001C3F54 /* VehicleCell */ = {
			isa = PBXGroup;
			children = (
				906191C528881D9E005EEF2A /* VehicleCell.swift */,
				906191C628881D9E005EEF2A /* VehicleCell.xib */,
			);
			path = VehicleCell;
			sourceTree = "<group>";
		};
		90E959C62888AE4A001C3F54 /* LocationCell */ = {
			isa = PBXGroup;
			children = (
				90E959C12888AE37001C3F54 /* LocationCell.swift */,
				90E959C22888AE37001C3F54 /* LocationCell.xib */,
			);
			path = LocationCell;
			sourceTree = "<group>";
		};
		90E99EB628894B10007F955E /* initialization */ = {
			isa = PBXGroup;
			children = (
				007239A228844AB900BFEC1F /* SceneDelegate.swift */,
				007239A028844AB900BFEC1F /* AppDelegate.swift */,
			);
			path = initialization;
			sourceTree = "<group>";
		};
		90FF8BC128873C7D00724D32 /* CustomViews */ = {
			isa = PBXGroup;
			children = (
				906191BC2887EE9D005EEF2A /* ScootTextField.swift */,
				906191BE2887F241005EEF2A /* ScootButton.swift */,
			);
			path = CustomViews;
			sourceTree = "<group>";
		};
		D25425D1219077C7D95A0479 /* Pods */ = {
			isa = PBXGroup;
			children = (
				8F43A59A856BBFF5B54ACE2B /* Pods-Scoot.debug.xcconfig */,
				450BE8F5DED30B1E1E074D69 /* Pods-Scoot.release.xcconfig */,
				0730811024362EBF08C1CF3F /* Pods-Scoot-ScootUITests.debug.xcconfig */,
				96A96C839E1E2D64CAE678A5 /* Pods-Scoot-ScootUITests.release.xcconfig */,
				BE7D7B00D0049F4266396B54 /* Pods-ScootTests.debug.xcconfig */,
				3FF57509F520357B2C08427A /* Pods-ScootTests.release.xcconfig */,
			);
			path = Pods;
			sourceTree = "<group>";
		};
/* End PBXGroup section */

/* Begin PBXNativeTarget section */
		0072399C28844AB900BFEC1F /* Scoot */ = {
			isa = PBXNativeTarget;
			buildConfigurationList = 007239C728844ABA00BFEC1F /* Build configuration list for PBXNativeTarget "Scoot" */;
			buildPhases = (
				3FACCE27C347AABDC92DFBDA /* [CP] Check Pods Manifest.lock */,
				0072399928844AB900BFEC1F /* Sources */,
				0072399A28844AB900BFEC1F /* Frameworks */,
				0072399B28844AB900BFEC1F /* Resources */,
				C8F8A073921A45D5DFED9FE6 /* [CP] Embed Pods Frameworks */,
			);
			buildRules = (
			);
			dependencies = (
			);
			name = Scoot;
			productName = Scoot;
			productReference = 0072399D28844AB900BFEC1F /* Scoot.app */;
			productType = "com.apple.product-type.application";
		};
		007239B228844ABA00BFEC1F /* ScootTests */ = {
			isa = PBXNativeTarget;
			buildConfigurationList = 007239CA28844ABA00BFEC1F /* Build configuration list for PBXNativeTarget "ScootTests" */;
			buildPhases = (
				391A8C83077C028C20157750 /* [CP] Check Pods Manifest.lock */,
				007239AF28844ABA00BFEC1F /* Sources */,
				007239B028844ABA00BFEC1F /* Frameworks */,
				007239B128844ABA00BFEC1F /* Resources */,
			);
			buildRules = (
			);
			dependencies = (
				007239B528844ABA00BFEC1F /* PBXTargetDependency */,
			);
			name = ScootTests;
			productName = ScootTests;
			productReference = 007239B328844ABA00BFEC1F /* ScootTests.xctest */;
			productType = "com.apple.product-type.bundle.unit-test";
		};
		007239BC28844ABA00BFEC1F /* ScootUITests */ = {
			isa = PBXNativeTarget;
			buildConfigurationList = 007239CD28844ABA00BFEC1F /* Build configuration list for PBXNativeTarget "ScootUITests" */;
			buildPhases = (
				AC22EC9FE5453BA12CF4D360 /* [CP] Check Pods Manifest.lock */,
				007239B928844ABA00BFEC1F /* Sources */,
				007239BA28844ABA00BFEC1F /* Frameworks */,
				007239BB28844ABA00BFEC1F /* Resources */,
				6D39C8A3BDBAEAD3537DFC99 /* [CP] Embed Pods Frameworks */,
			);
			buildRules = (
			);
			dependencies = (
				007239BF28844ABA00BFEC1F /* PBXTargetDependency */,
			);
			name = ScootUITests;
			productName = ScootUITests;
			productReference = 007239BD28844ABA00BFEC1F /* ScootUITests.xctest */;
			productType = "com.apple.product-type.bundle.ui-testing";
		};
/* End PBXNativeTarget section */

/* Begin PBXProject section */
		0072399528844AB900BFEC1F /* Project object */ = {
			isa = PBXProject;
			attributes = {
				BuildIndependentTargetsInParallel = 1;
				LastSwiftUpdateCheck = 1340;
				LastUpgradeCheck = 1340;
				TargetAttributes = {
					0072399C28844AB900BFEC1F = {
						CreatedOnToolsVersion = 13.4;
					};
					007239B228844ABA00BFEC1F = {
						CreatedOnToolsVersion = 13.4;
						TestTargetID = 0072399C28844AB900BFEC1F;
					};
					007239BC28844ABA00BFEC1F = {
						CreatedOnToolsVersion = 13.4;
						TestTargetID = 0072399C28844AB900BFEC1F;
					};
				};
			};
			buildConfigurationList = 0072399828844AB900BFEC1F /* Build configuration list for PBXProject "Scoot" */;
			compatibilityVersion = "Xcode 13.0";
			developmentRegion = en;
			hasScannedForEncodings = 0;
			knownRegions = (
				en,
				Base,
			);
			mainGroup = 0072399428844AB900BFEC1F;
			productRefGroup = 0072399E28844AB900BFEC1F /* Products */;
			projectDirPath = "";
			projectRoot = "";
			targets = (
				0072399C28844AB900BFEC1F /* Scoot */,
				007239B228844ABA00BFEC1F /* ScootTests */,
				007239BC28844ABA00BFEC1F /* ScootUITests */,
			);
		};
/* End PBXProject section */

/* Begin PBXResourcesBuildPhase section */
		0072399B28844AB900BFEC1F /* Resources */ = {
			isa = PBXResourcesBuildPhase;
			buildActionMask = 2147483647;
			files = (
				90E959C42888AE37001C3F54 /* LocationCell.xib in Resources */,
				90E99EB728894C04007F955E /* VehicleCell.xib in Resources */,
				906191C3288803E4005EEF2A /* Main.storyboard in Resources */,
				007239AD28844ABA00BFEC1F /* LaunchScreen.storyboard in Resources */,
				007239AA28844ABA00BFEC1F /* Assets.xcassets in Resources */,
			);
			runOnlyForDeploymentPostprocessing = 0;
		};
		007239B128844ABA00BFEC1F /* Resources */ = {
			isa = PBXResourcesBuildPhase;
			buildActionMask = 2147483647;
			files = (
			);
			runOnlyForDeploymentPostprocessing = 0;
		};
		007239BB28844ABA00BFEC1F /* Resources */ = {
			isa = PBXResourcesBuildPhase;
			buildActionMask = 2147483647;
			files = (
			);
			runOnlyForDeploymentPostprocessing = 0;
		};
/* End PBXResourcesBuildPhase section */

/* Begin PBXShellScriptBuildPhase section */
		391A8C83077C028C20157750 /* [CP] Check Pods Manifest.lock */ = {
			isa = PBXShellScriptBuildPhase;
			buildActionMask = 2147483647;
			files = (
			);
			inputFileListPaths = (
			);
			inputPaths = (
				"${PODS_PODFILE_DIR_PATH}/Podfile.lock",
				"${PODS_ROOT}/Manifest.lock",
			);
			name = "[CP] Check Pods Manifest.lock";
			outputFileListPaths = (
			);
			outputPaths = (
				"$(DERIVED_FILE_DIR)/Pods-ScootTests-checkManifestLockResult.txt",
			);
			runOnlyForDeploymentPostprocessing = 0;
			shellPath = /bin/sh;
			shellScript = "diff \"${PODS_PODFILE_DIR_PATH}/Podfile.lock\" \"${PODS_ROOT}/Manifest.lock\" > /dev/null\nif [ $? != 0 ] ; then\n    # print error to STDERR\n    echo \"error: The sandbox is not in sync with the Podfile.lock. Run 'pod install' or update your CocoaPods installation.\" >&2\n    exit 1\nfi\n# This output is used by Xcode 'outputs' to avoid re-running this script phase.\necho \"SUCCESS\" > \"${SCRIPT_OUTPUT_FILE_0}\"\n";
			showEnvVarsInLog = 0;
		};
		3FACCE27C347AABDC92DFBDA /* [CP] Check Pods Manifest.lock */ = {
			isa = PBXShellScriptBuildPhase;
			buildActionMask = 2147483647;
			files = (
			);
			inputFileListPaths = (
			);
			inputPaths = (
				"${PODS_PODFILE_DIR_PATH}/Podfile.lock",
				"${PODS_ROOT}/Manifest.lock",
			);
			name = "[CP] Check Pods Manifest.lock";
			outputFileListPaths = (
			);
			outputPaths = (
				"$(DERIVED_FILE_DIR)/Pods-Scoot-checkManifestLockResult.txt",
			);
			runOnlyForDeploymentPostprocessing = 0;
			shellPath = /bin/sh;
			shellScript = "diff \"${PODS_PODFILE_DIR_PATH}/Podfile.lock\" \"${PODS_ROOT}/Manifest.lock\" > /dev/null\nif [ $? != 0 ] ; then\n    # print error to STDERR\n    echo \"error: The sandbox is not in sync with the Podfile.lock. Run 'pod install' or update your CocoaPods installation.\" >&2\n    exit 1\nfi\n# This output is used by Xcode 'outputs' to avoid re-running this script phase.\necho \"SUCCESS\" > \"${SCRIPT_OUTPUT_FILE_0}\"\n";
			showEnvVarsInLog = 0;
		};
		6D39C8A3BDBAEAD3537DFC99 /* [CP] Embed Pods Frameworks */ = {
			isa = PBXShellScriptBuildPhase;
			buildActionMask = 2147483647;
			files = (
			);
			inputFileListPaths = (
				"${PODS_ROOT}/Target Support Files/Pods-Scoot-ScootUITests/Pods-Scoot-ScootUITests-frameworks-${CONFIGURATION}-input-files.xcfilelist",
			);
			name = "[CP] Embed Pods Frameworks";
			outputFileListPaths = (
				"${PODS_ROOT}/Target Support Files/Pods-Scoot-ScootUITests/Pods-Scoot-ScootUITests-frameworks-${CONFIGURATION}-output-files.xcfilelist",
			);
			runOnlyForDeploymentPostprocessing = 0;
			shellPath = /bin/sh;
			shellScript = "\"${PODS_ROOT}/Target Support Files/Pods-Scoot-ScootUITests/Pods-Scoot-ScootUITests-frameworks.sh\"\n";
			showEnvVarsInLog = 0;
		};
		AC22EC9FE5453BA12CF4D360 /* [CP] Check Pods Manifest.lock */ = {
			isa = PBXShellScriptBuildPhase;
			buildActionMask = 2147483647;
			files = (
			);
			inputFileListPaths = (
			);
			inputPaths = (
				"${PODS_PODFILE_DIR_PATH}/Podfile.lock",
				"${PODS_ROOT}/Manifest.lock",
			);
			name = "[CP] Check Pods Manifest.lock";
			outputFileListPaths = (
			);
			outputPaths = (
				"$(DERIVED_FILE_DIR)/Pods-Scoot-ScootUITests-checkManifestLockResult.txt",
			);
			runOnlyForDeploymentPostprocessing = 0;
			shellPath = /bin/sh;
			shellScript = "diff \"${PODS_PODFILE_DIR_PATH}/Podfile.lock\" \"${PODS_ROOT}/Manifest.lock\" > /dev/null\nif [ $? != 0 ] ; then\n    # print error to STDERR\n    echo \"error: The sandbox is not in sync with the Podfile.lock. Run 'pod install' or update your CocoaPods installation.\" >&2\n    exit 1\nfi\n# This output is used by Xcode 'outputs' to avoid re-running this script phase.\necho \"SUCCESS\" > \"${SCRIPT_OUTPUT_FILE_0}\"\n";
			showEnvVarsInLog = 0;
		};
		C8F8A073921A45D5DFED9FE6 /* [CP] Embed Pods Frameworks */ = {
			isa = PBXShellScriptBuildPhase;
			buildActionMask = 2147483647;
			files = (
			);
			inputFileListPaths = (
				"${PODS_ROOT}/Target Support Files/Pods-Scoot/Pods-Scoot-frameworks-${CONFIGURATION}-input-files.xcfilelist",
			);
			name = "[CP] Embed Pods Frameworks";
			outputFileListPaths = (
				"${PODS_ROOT}/Target Support Files/Pods-Scoot/Pods-Scoot-frameworks-${CONFIGURATION}-output-files.xcfilelist",
			);
			runOnlyForDeploymentPostprocessing = 0;
			shellPath = /bin/sh;
			shellScript = "\"${PODS_ROOT}/Target Support Files/Pods-Scoot/Pods-Scoot-frameworks.sh\"\n";
			showEnvVarsInLog = 0;
		};
/* End PBXShellScriptBuildPhase section */

/* Begin PBXSourcesBuildPhase section */
		0072399928844AB900BFEC1F /* Sources */ = {
			isa = PBXSourcesBuildPhase;
			buildActionMask = 2147483647;
			files = (
				906191C728881D9E005EEF2A /* VehicleCell.swift in Sources */,
				90FF8BBE2887341700724D32 /* UITextField + Extenstions.swift in Sources */,
				906191C12887FB4C005EEF2A /* VehicleListVC.swift in Sources */,
				906191CC288823B7005EEF2A /* MockData.swift in Sources */,
				90E959C32888AE37001C3F54 /* LocationCell.swift in Sources */,
				007239A528844AB900BFEC1F /* LoginVC.swift in Sources */,
				908FEAA0288ABDA3007667BD /* AuthService.swift in Sources */,
				90A999EF28874693004AC862 /* AppUtility.swift in Sources */,
				906191BD2887EE9D005EEF2A /* ScootTextField.swift in Sources */,
				90F5D2A92889F58800FB8AD3 /* CGRect + Extensions.swift in Sources */,
				9018BC812886EF57008DFDDA /* K.swift in Sources */,
				90995576288A233000F00AAF /* ScanVC.swift in Sources */,
				007239A128844AB900BFEC1F /* AppDelegate.swift in Sources */,
				906191BF2887F241005EEF2A /* ScootButton.swift in Sources */,
				90666F8A28897B62007275E5 /* VehicleDetailVC.swift in Sources */,
				007239A328844AB900BFEC1F /* SceneDelegate.swift in Sources */,
				90FF8BC0288735D300724D32 /* UIViewController + Extensions.swift in Sources */,
				908FEA9E288ABAEE007667BD /* UserDefaults + Extensions.swift in Sources */,
				90CBA32A2886E3E50043ADEA /* UIColor + Extenstions.swift in Sources */,
			);
			runOnlyForDeploymentPostprocessing = 0;
		};
		007239AF28844ABA00BFEC1F /* Sources */ = {
			isa = PBXSourcesBuildPhase;
			buildActionMask = 2147483647;
			files = (
				007239B828844ABA00BFEC1F /* ScootTests.swift in Sources */,
			);
			runOnlyForDeploymentPostprocessing = 0;
		};
		007239B928844ABA00BFEC1F /* Sources */ = {
			isa = PBXSourcesBuildPhase;
			buildActionMask = 2147483647;
			files = (
				007239C228844ABA00BFEC1F /* ScootUITests.swift in Sources */,
				007239C428844ABA00BFEC1F /* ScootUITestsLaunchTests.swift in Sources */,
			);
			runOnlyForDeploymentPostprocessing = 0;
		};
/* End PBXSourcesBuildPhase section */

/* Begin PBXTargetDependency section */
		007239B528844ABA00BFEC1F /* PBXTargetDependency */ = {
			isa = PBXTargetDependency;
			target = 0072399C28844AB900BFEC1F /* Scoot */;
			targetProxy = 007239B428844ABA00BFEC1F /* PBXContainerItemProxy */;
		};
		007239BF28844ABA00BFEC1F /* PBXTargetDependency */ = {
			isa = PBXTargetDependency;
			target = 0072399C28844AB900BFEC1F /* Scoot */;
			targetProxy = 007239BE28844ABA00BFEC1F /* PBXContainerItemProxy */;
		};
/* End PBXTargetDependency section */

/* Begin PBXVariantGroup section */
		007239AB28844ABA00BFEC1F /* LaunchScreen.storyboard */ = {
			isa = PBXVariantGroup;
			children = (
				007239AC28844ABA00BFEC1F /* Base */,
			);
			name = LaunchScreen.storyboard;
			sourceTree = "<group>";
		};
/* End PBXVariantGroup section */

/* Begin XCBuildConfiguration section */
		007239C528844ABA00BFEC1F /* Debug */ = {
			isa = XCBuildConfiguration;
			buildSettings = {
				ALWAYS_SEARCH_USER_PATHS = NO;
				CLANG_ANALYZER_NONNULL = YES;
				CLANG_ANALYZER_NUMBER_OBJECT_CONVERSION = YES_AGGRESSIVE;
				CLANG_CXX_LANGUAGE_STANDARD = "gnu++17";
				CLANG_ENABLE_MODULES = YES;
				CLANG_ENABLE_OBJC_ARC = YES;
				CLANG_ENABLE_OBJC_WEAK = YES;
				CLANG_WARN_BLOCK_CAPTURE_AUTORELEASING = YES;
				CLANG_WARN_BOOL_CONVERSION = YES;
				CLANG_WARN_COMMA = YES;
				CLANG_WARN_CONSTANT_CONVERSION = YES;
				CLANG_WARN_DEPRECATED_OBJC_IMPLEMENTATIONS = YES;
				CLANG_WARN_DIRECT_OBJC_ISA_USAGE = YES_ERROR;
				CLANG_WARN_DOCUMENTATION_COMMENTS = YES;
				CLANG_WARN_EMPTY_BODY = YES;
				CLANG_WARN_ENUM_CONVERSION = YES;
				CLANG_WARN_INFINITE_RECURSION = YES;
				CLANG_WARN_INT_CONVERSION = YES;
				CLANG_WARN_NON_LITERAL_NULL_CONVERSION = YES;
				CLANG_WARN_OBJC_IMPLICIT_RETAIN_SELF = YES;
				CLANG_WARN_OBJC_LITERAL_CONVERSION = YES;
				CLANG_WARN_OBJC_ROOT_CLASS = YES_ERROR;
				CLANG_WARN_QUOTED_INCLUDE_IN_FRAMEWORK_HEADER = YES;
				CLANG_WARN_RANGE_LOOP_ANALYSIS = YES;
				CLANG_WARN_STRICT_PROTOTYPES = YES;
				CLANG_WARN_SUSPICIOUS_MOVE = YES;
				CLANG_WARN_UNGUARDED_AVAILABILITY = YES_AGGRESSIVE;
				CLANG_WARN_UNREACHABLE_CODE = YES;
				CLANG_WARN__DUPLICATE_METHOD_MATCH = YES;
				COPY_PHASE_STRIP = NO;
				DEBUG_INFORMATION_FORMAT = dwarf;
				ENABLE_STRICT_OBJC_MSGSEND = YES;
				ENABLE_TESTABILITY = YES;
				GCC_C_LANGUAGE_STANDARD = gnu11;
				GCC_DYNAMIC_NO_PIC = NO;
				GCC_NO_COMMON_BLOCKS = YES;
				GCC_OPTIMIZATION_LEVEL = 0;
				GCC_PREPROCESSOR_DEFINITIONS = (
					"DEBUG=1",
					"$(inherited)",
				);
				GCC_WARN_64_TO_32_BIT_CONVERSION = YES;
				GCC_WARN_ABOUT_RETURN_TYPE = YES_ERROR;
				GCC_WARN_UNDECLARED_SELECTOR = YES;
				GCC_WARN_UNINITIALIZED_AUTOS = YES_AGGRESSIVE;
				GCC_WARN_UNUSED_FUNCTION = YES;
				GCC_WARN_UNUSED_VARIABLE = YES;
				IPHONEOS_DEPLOYMENT_TARGET = 15.5;
				MTL_ENABLE_DEBUG_INFO = INCLUDE_SOURCE;
				MTL_FAST_MATH = YES;
				ONLY_ACTIVE_ARCH = YES;
				SDKROOT = iphoneos;
				SWIFT_ACTIVE_COMPILATION_CONDITIONS = DEBUG;
				SWIFT_OPTIMIZATION_LEVEL = "-Onone";
			};
			name = Debug;
		};
		007239C628844ABA00BFEC1F /* Release */ = {
			isa = XCBuildConfiguration;
			buildSettings = {
				ALWAYS_SEARCH_USER_PATHS = NO;
				CLANG_ANALYZER_NONNULL = YES;
				CLANG_ANALYZER_NUMBER_OBJECT_CONVERSION = YES_AGGRESSIVE;
				CLANG_CXX_LANGUAGE_STANDARD = "gnu++17";
				CLANG_ENABLE_MODULES = YES;
				CLANG_ENABLE_OBJC_ARC = YES;
				CLANG_ENABLE_OBJC_WEAK = YES;
				CLANG_WARN_BLOCK_CAPTURE_AUTORELEASING = YES;
				CLANG_WARN_BOOL_CONVERSION = YES;
				CLANG_WARN_COMMA = YES;
				CLANG_WARN_CONSTANT_CONVERSION = YES;
				CLANG_WARN_DEPRECATED_OBJC_IMPLEMENTATIONS = YES;
				CLANG_WARN_DIRECT_OBJC_ISA_USAGE = YES_ERROR;
				CLANG_WARN_DOCUMENTATION_COMMENTS = YES;
				CLANG_WARN_EMPTY_BODY = YES;
				CLANG_WARN_ENUM_CONVERSION = YES;
				CLANG_WARN_INFINITE_RECURSION = YES;
				CLANG_WARN_INT_CONVERSION = YES;
				CLANG_WARN_NON_LITERAL_NULL_CONVERSION = YES;
				CLANG_WARN_OBJC_IMPLICIT_RETAIN_SELF = YES;
				CLANG_WARN_OBJC_LITERAL_CONVERSION = YES;
				CLANG_WARN_OBJC_ROOT_CLASS = YES_ERROR;
				CLANG_WARN_QUOTED_INCLUDE_IN_FRAMEWORK_HEADER = YES;
				CLANG_WARN_RANGE_LOOP_ANALYSIS = YES;
				CLANG_WARN_STRICT_PROTOTYPES = YES;
				CLANG_WARN_SUSPICIOUS_MOVE = YES;
				CLANG_WARN_UNGUARDED_AVAILABILITY = YES_AGGRESSIVE;
				CLANG_WARN_UNREACHABLE_CODE = YES;
				CLANG_WARN__DUPLICATE_METHOD_MATCH = YES;
				COPY_PHASE_STRIP = NO;
				DEBUG_INFORMATION_FORMAT = "dwarf-with-dsym";
				ENABLE_NS_ASSERTIONS = NO;
				ENABLE_STRICT_OBJC_MSGSEND = YES;
				GCC_C_LANGUAGE_STANDARD = gnu11;
				GCC_NO_COMMON_BLOCKS = YES;
				GCC_WARN_64_TO_32_BIT_CONVERSION = YES;
				GCC_WARN_ABOUT_RETURN_TYPE = YES_ERROR;
				GCC_WARN_UNDECLARED_SELECTOR = YES;
				GCC_WARN_UNINITIALIZED_AUTOS = YES_AGGRESSIVE;
				GCC_WARN_UNUSED_FUNCTION = YES;
				GCC_WARN_UNUSED_VARIABLE = YES;
				IPHONEOS_DEPLOYMENT_TARGET = 15.5;
				MTL_ENABLE_DEBUG_INFO = NO;
				MTL_FAST_MATH = YES;
				SDKROOT = iphoneos;
				SWIFT_COMPILATION_MODE = wholemodule;
				SWIFT_OPTIMIZATION_LEVEL = "-O";
				VALIDATE_PRODUCT = YES;
			};
			name = Release;
		};
		007239C828844ABA00BFEC1F /* Debug */ = {
			isa = XCBuildConfiguration;
			baseConfigurationReference = 8F43A59A856BBFF5B54ACE2B /* Pods-Scoot.debug.xcconfig */;
			buildSettings = {
				ASSETCATALOG_COMPILER_APPICON_NAME = AppIcon;
				ASSETCATALOG_COMPILER_GLOBAL_ACCENT_COLOR_NAME = AccentColor;
				CODE_SIGN_STYLE = Automatic;
				CURRENT_PROJECT_VERSION = 1;
				DEVELOPMENT_TEAM = Q3JU6T27Y3;
				GENERATE_INFOPLIST_FILE = YES;
				INFOPLIST_FILE = Scoot/Info.plist;
				INFOPLIST_KEY_UIApplicationSupportsIndirectInputEvents = YES;
				INFOPLIST_KEY_UILaunchStoryboardName = LaunchScreen;
				INFOPLIST_KEY_UIMainStoryboardFile = LaunchScreen;
				INFOPLIST_KEY_UISupportedInterfaceOrientations = UIInterfaceOrientationPortrait;
				INFOPLIST_KEY_UISupportedInterfaceOrientations_iPad = "UIInterfaceOrientationPortrait UIInterfaceOrientationPortraitUpsideDown UIInterfaceOrientationLandscapeLeft UIInterfaceOrientationLandscapeRight";
				INFOPLIST_KEY_UISupportedInterfaceOrientations_iPhone = "UIInterfaceOrientationPortrait UIInterfaceOrientationLandscapeLeft UIInterfaceOrientationLandscapeRight";
				LD_RUNPATH_SEARCH_PATHS = (
					"$(inherited)",
					"@executable_path/Frameworks",
				);
				MARKETING_VERSION = 1.0;
				PRODUCT_BUNDLE_IDENTIFIER = co.profi.Scoot;
				PRODUCT_NAME = "$(TARGET_NAME)";
				SWIFT_EMIT_LOC_STRINGS = YES;
				SWIFT_VERSION = 5.0;
				TARGETED_DEVICE_FAMILY = "1,2";
			};
			name = Debug;
		};
		007239C928844ABA00BFEC1F /* Release */ = {
			isa = XCBuildConfiguration;
			baseConfigurationReference = 450BE8F5DED30B1E1E074D69 /* Pods-Scoot.release.xcconfig */;
			buildSettings = {
				ASSETCATALOG_COMPILER_APPICON_NAME = AppIcon;
				ASSETCATALOG_COMPILER_GLOBAL_ACCENT_COLOR_NAME = AccentColor;
				CODE_SIGN_STYLE = Automatic;
				CURRENT_PROJECT_VERSION = 1;
				DEVELOPMENT_TEAM = Q3JU6T27Y3;
				GENERATE_INFOPLIST_FILE = YES;
				INFOPLIST_FILE = Scoot/Info.plist;
				INFOPLIST_KEY_UIApplicationSupportsIndirectInputEvents = YES;
				INFOPLIST_KEY_UILaunchStoryboardName = LaunchScreen;
				INFOPLIST_KEY_UIMainStoryboardFile = LaunchScreen;
				INFOPLIST_KEY_UISupportedInterfaceOrientations = UIInterfaceOrientationPortrait;
				INFOPLIST_KEY_UISupportedInterfaceOrientations_iPad = "UIInterfaceOrientationPortrait UIInterfaceOrientationPortraitUpsideDown UIInterfaceOrientationLandscapeLeft UIInterfaceOrientationLandscapeRight";
				INFOPLIST_KEY_UISupportedInterfaceOrientations_iPhone = "UIInterfaceOrientationPortrait UIInterfaceOrientationLandscapeLeft UIInterfaceOrientationLandscapeRight";
				LD_RUNPATH_SEARCH_PATHS = (
					"$(inherited)",
					"@executable_path/Frameworks",
				);
				MARKETING_VERSION = 1.0;
				PRODUCT_BUNDLE_IDENTIFIER = co.profi.Scoot;
				PRODUCT_NAME = "$(TARGET_NAME)";
				SWIFT_EMIT_LOC_STRINGS = YES;
				SWIFT_VERSION = 5.0;
				TARGETED_DEVICE_FAMILY = "1,2";
			};
			name = Release;
		};
		007239CB28844ABA00BFEC1F /* Debug */ = {
			isa = XCBuildConfiguration;
			baseConfigurationReference = BE7D7B00D0049F4266396B54 /* Pods-ScootTests.debug.xcconfig */;
			buildSettings = {
				ALWAYS_EMBED_SWIFT_STANDARD_LIBRARIES = YES;
				BUNDLE_LOADER = "$(TEST_HOST)";
				CODE_SIGN_STYLE = Automatic;
				CURRENT_PROJECT_VERSION = 1;
				DEVELOPMENT_TEAM = 3BVEQ42VK2;
				GENERATE_INFOPLIST_FILE = YES;
				IPHONEOS_DEPLOYMENT_TARGET = 15.5;
				MARKETING_VERSION = 1.0;
				PRODUCT_BUNDLE_IDENTIFIER = co.profi.ScootTests;
				PRODUCT_NAME = "$(TARGET_NAME)";
				SWIFT_EMIT_LOC_STRINGS = NO;
				SWIFT_VERSION = 5.0;
				TARGETED_DEVICE_FAMILY = "1,2";
				TEST_HOST = "$(BUILT_PRODUCTS_DIR)/Scoot.app/Scoot";
			};
			name = Debug;
		};
		007239CC28844ABA00BFEC1F /* Release */ = {
			isa = XCBuildConfiguration;
			baseConfigurationReference = 3FF57509F520357B2C08427A /* Pods-ScootTests.release.xcconfig */;
			buildSettings = {
				ALWAYS_EMBED_SWIFT_STANDARD_LIBRARIES = YES;
				BUNDLE_LOADER = "$(TEST_HOST)";
				CODE_SIGN_STYLE = Automatic;
				CURRENT_PROJECT_VERSION = 1;
				DEVELOPMENT_TEAM = 3BVEQ42VK2;
				GENERATE_INFOPLIST_FILE = YES;
				IPHONEOS_DEPLOYMENT_TARGET = 15.5;
				MARKETING_VERSION = 1.0;
				PRODUCT_BUNDLE_IDENTIFIER = co.profi.ScootTests;
				PRODUCT_NAME = "$(TARGET_NAME)";
				SWIFT_EMIT_LOC_STRINGS = NO;
				SWIFT_VERSION = 5.0;
				TARGETED_DEVICE_FAMILY = "1,2";
				TEST_HOST = "$(BUILT_PRODUCTS_DIR)/Scoot.app/Scoot";
			};
			name = Release;
		};
		007239CE28844ABA00BFEC1F /* Debug */ = {
			isa = XCBuildConfiguration;
			baseConfigurationReference = 0730811024362EBF08C1CF3F /* Pods-Scoot-ScootUITests.debug.xcconfig */;
			buildSettings = {
				ALWAYS_EMBED_SWIFT_STANDARD_LIBRARIES = YES;
				CODE_SIGN_STYLE = Automatic;
				CURRENT_PROJECT_VERSION = 1;
				DEVELOPMENT_TEAM = 3BVEQ42VK2;
				GENERATE_INFOPLIST_FILE = YES;
				MARKETING_VERSION = 1.0;
				PRODUCT_BUNDLE_IDENTIFIER = co.profi.ScootUITests;
				PRODUCT_NAME = "$(TARGET_NAME)";
				SWIFT_EMIT_LOC_STRINGS = NO;
				SWIFT_VERSION = 5.0;
				TARGETED_DEVICE_FAMILY = "1,2";
				TEST_TARGET_NAME = Scoot;
			};
			name = Debug;
		};
		007239CF28844ABA00BFEC1F /* Release */ = {
			isa = XCBuildConfiguration;
			baseConfigurationReference = 96A96C839E1E2D64CAE678A5 /* Pods-Scoot-ScootUITests.release.xcconfig */;
			buildSettings = {
				ALWAYS_EMBED_SWIFT_STANDARD_LIBRARIES = YES;
				CODE_SIGN_STYLE = Automatic;
				CURRENT_PROJECT_VERSION = 1;
				DEVELOPMENT_TEAM = 3BVEQ42VK2;
				GENERATE_INFOPLIST_FILE = YES;
				MARKETING_VERSION = 1.0;
				PRODUCT_BUNDLE_IDENTIFIER = co.profi.ScootUITests;
				PRODUCT_NAME = "$(TARGET_NAME)";
				SWIFT_EMIT_LOC_STRINGS = NO;
				SWIFT_VERSION = 5.0;
				TARGETED_DEVICE_FAMILY = "1,2";
				TEST_TARGET_NAME = Scoot;
			};
			name = Release;
		};
/* End XCBuildConfiguration section */

/* Begin XCConfigurationList section */
		0072399828844AB900BFEC1F /* Build configuration list for PBXProject "Scoot" */ = {
			isa = XCConfigurationList;
			buildConfigurations = (
				007239C528844ABA00BFEC1F /* Debug */,
				007239C628844ABA00BFEC1F /* Release */,
			);
			defaultConfigurationIsVisible = 0;
			defaultConfigurationName = Release;
		};
		007239C728844ABA00BFEC1F /* Build configuration list for PBXNativeTarget "Scoot" */ = {
			isa = XCConfigurationList;
			buildConfigurations = (
				007239C828844ABA00BFEC1F /* Debug */,
				007239C928844ABA00BFEC1F /* Release */,
			);
			defaultConfigurationIsVisible = 0;
			defaultConfigurationName = Release;
		};
		007239CA28844ABA00BFEC1F /* Build configuration list for PBXNativeTarget "ScootTests" */ = {
			isa = XCConfigurationList;
			buildConfigurations = (
				007239CB28844ABA00BFEC1F /* Debug */,
				007239CC28844ABA00BFEC1F /* Release */,
			);
			defaultConfigurationIsVisible = 0;
			defaultConfigurationName = Release;
		};
		007239CD28844ABA00BFEC1F /* Build configuration list for PBXNativeTarget "ScootUITests" */ = {
			isa = XCConfigurationList;
			buildConfigurations = (
				007239CE28844ABA00BFEC1F /* Debug */,
				007239CF28844ABA00BFEC1F /* Release */,
			);
			defaultConfigurationIsVisible = 0;
			defaultConfigurationName = Release;
		};
/* End XCConfigurationList section */
	};
	rootObject = 0072399528844AB900BFEC1F /* Project object */;
}
